// !$*UTF8*$!
{
	archiveVersion = 1;
	classes = {
	};
	objectVersion = 46;
	objects = {

/* Begin PBXBuildFile section */
		746A767DD1439C84031E5FBB /* Pods_GifMaza.framework in Frameworks */ = {isa = PBXBuildFile; fileRef = E7DC50149EAA66A70AE6C2CE /* Pods_GifMaza.framework */; };
		90D6140A1C5EB3D70000939F /* AppDelegate.swift in Sources */ = {isa = PBXBuildFile; fileRef = 90D614091C5EB3D70000939F /* AppDelegate.swift */; };
		90D6140C1C5EB3D70000939F /* ViewController.swift in Sources */ = {isa = PBXBuildFile; fileRef = 90D6140B1C5EB3D70000939F /* ViewController.swift */; };
		90D6140F1C5EB3D70000939F /* Main.storyboard in Resources */ = {isa = PBXBuildFile; fileRef = 90D6140D1C5EB3D70000939F /* Main.storyboard */; };
		90D614111C5EB3D70000939F /* Assets.xcassets in Resources */ = {isa = PBXBuildFile; fileRef = 90D614101C5EB3D70000939F /* Assets.xcassets */; };
		90D614141C5EB3D70000939F /* LaunchScreen.storyboard in Resources */ = {isa = PBXBuildFile; fileRef = 90D614121C5EB3D70000939F /* LaunchScreen.storyboard */; };
		90D6141F1C5EB3D70000939F /* GifMazaTests.swift in Sources */ = {isa = PBXBuildFile; fileRef = 90D6141E1C5EB3D70000939F /* GifMazaTests.swift */; };
		90D6142A1C5EB3D70000939F /* GifMazaUITests.swift in Sources */ = {isa = PBXBuildFile; fileRef = 90D614291C5EB3D70000939F /* GifMazaUITests.swift */; };
		90D6145E1C5EC6CD0000939F /* Gil.swift in Sources */ = {isa = PBXBuildFile; fileRef = 90D6145D1C5EC6CD0000939F /* Gil.swift */; };
		90D614641C5ED2480000939F /* NetworkingHelper.swift in Sources */ = {isa = PBXBuildFile; fileRef = 90D614611C5ED2480000939F /* NetworkingHelper.swift */; };
		90D614651C5ED2480000939F /* TranslatorHelper.swift in Sources */ = {isa = PBXBuildFile; fileRef = 90D614621C5ED2480000939F /* TranslatorHelper.swift */; };
		90D614681C5EEB630000939F /* GifsCollectionViewController.swift in Sources */ = {isa = PBXBuildFile; fileRef = 90D614671C5EEB630000939F /* GifsCollectionViewController.swift */; };
		90D6146A1C5EEB810000939F /* Layout.swift in Sources */ = {isa = PBXBuildFile; fileRef = 90D614691C5EEB810000939F /* Layout.swift */; };
		90D6146C1C5EEB890000939F /* UIColor+Pallette.swift in Sources */ = {isa = PBXBuildFile; fileRef = 90D6146B1C5EEB890000939F /* UIColor+Pallette.swift */; };
		90D614701C5F07650000939F /* UIImage+animatedGIF.m in Sources */ = {isa = PBXBuildFile; fileRef = 90D6146F1C5F07650000939F /* UIImage+animatedGIF.m */; };
/* End PBXBuildFile section */

/* Begin PBXContainerItemProxy section */
		90D6141B1C5EB3D70000939F /* PBXContainerItemProxy */ = {
			isa = PBXContainerItemProxy;
			containerPortal = 90D613FE1C5EB3D70000939F /* Project object */;
			proxyType = 1;
			remoteGlobalIDString = 90D614051C5EB3D70000939F;
			remoteInfo = GifMaza;
		};
		90D614261C5EB3D70000939F /* PBXContainerItemProxy */ = {
			isa = PBXContainerItemProxy;
			containerPortal = 90D613FE1C5EB3D70000939F /* Project object */;
			proxyType = 1;
			remoteGlobalIDString = 90D614051C5EB3D70000939F;
			remoteInfo = GifMaza;
		};
/* End PBXContainerItemProxy section */

/* Begin PBXFileReference section */
		90D614061C5EB3D70000939F /* GifMaza.app */ = {isa = PBXFileReference; explicitFileType = wrapper.application; includeInIndex = 0; path = GifMaza.app; sourceTree = BUILT_PRODUCTS_DIR; };
		90D614091C5EB3D70000939F /* AppDelegate.swift */ = {isa = PBXFileReference; lastKnownFileType = sourcecode.swift; path = AppDelegate.swift; sourceTree = "<group>"; };
		90D6140B1C5EB3D70000939F /* ViewController.swift */ = {isa = PBXFileReference; lastKnownFileType = sourcecode.swift; path = ViewController.swift; sourceTree = "<group>"; };
		90D6140E1C5EB3D70000939F /* Base */ = {isa = PBXFileReference; lastKnownFileType = file.storyboard; name = Base; path = Base.lproj/Main.storyboard; sourceTree = "<group>"; };
		90D614101C5EB3D70000939F /* Assets.xcassets */ = {isa = PBXFileReference; lastKnownFileType = folder.assetcatalog; path = Assets.xcassets; sourceTree = "<group>"; };
		90D614131C5EB3D70000939F /* Base */ = {isa = PBXFileReference; lastKnownFileType = file.storyboard; name = Base; path = Base.lproj/LaunchScreen.storyboard; sourceTree = "<group>"; };
		90D614151C5EB3D70000939F /* Info.plist */ = {isa = PBXFileReference; lastKnownFileType = text.plist.xml; path = Info.plist; sourceTree = "<group>"; };
		90D6141A1C5EB3D70000939F /* GifMazaTests.xctest */ = {isa = PBXFileReference; explicitFileType = wrapper.cfbundle; includeInIndex = 0; path = GifMazaTests.xctest; sourceTree = BUILT_PRODUCTS_DIR; };
		90D6141E1C5EB3D70000939F /* GifMazaTests.swift */ = {isa = PBXFileReference; lastKnownFileType = sourcecode.swift; path = GifMazaTests.swift; sourceTree = "<group>"; };
		90D614201C5EB3D70000939F /* Info.plist */ = {isa = PBXFileReference; lastKnownFileType = text.plist.xml; path = Info.plist; sourceTree = "<group>"; };
		90D614251C5EB3D70000939F /* GifMazaUITests.xctest */ = {isa = PBXFileReference; explicitFileType = wrapper.cfbundle; includeInIndex = 0; path = GifMazaUITests.xctest; sourceTree = BUILT_PRODUCTS_DIR; };
		90D614291C5EB3D70000939F /* GifMazaUITests.swift */ = {isa = PBXFileReference; lastKnownFileType = sourcecode.swift; path = GifMazaUITests.swift; sourceTree = "<group>"; };
		90D6142B1C5EB3D70000939F /* Info.plist */ = {isa = PBXFileReference; lastKnownFileType = text.plist.xml; path = Info.plist; sourceTree = "<group>"; };
		90D6145D1C5EC6CD0000939F /* Gil.swift */ = {isa = PBXFileReference; fileEncoding = 4; lastKnownFileType = sourcecode.swift; path = Gil.swift; sourceTree = "<group>"; };
		90D614611C5ED2480000939F /* NetworkingHelper.swift */ = {isa = PBXFileReference; fileEncoding = 4; lastKnownFileType = sourcecode.swift; path = NetworkingHelper.swift; sourceTree = "<group>"; };
		90D614621C5ED2480000939F /* TranslatorHelper.swift */ = {isa = PBXFileReference; fileEncoding = 4; lastKnownFileType = sourcecode.swift; path = TranslatorHelper.swift; sourceTree = "<group>"; };
		90D614671C5EEB630000939F /* GifsCollectionViewController.swift */ = {isa = PBXFileReference; fileEncoding = 4; lastKnownFileType = sourcecode.swift; path = GifsCollectionViewController.swift; sourceTree = "<group>"; };
		90D614691C5EEB810000939F /* Layout.swift */ = {isa = PBXFileReference; fileEncoding = 4; lastKnownFileType = sourcecode.swift; path = Layout.swift; sourceTree = "<group>"; };
		90D6146B1C5EEB890000939F /* UIColor+Pallette.swift */ = {isa = PBXFileReference; fileEncoding = 4; lastKnownFileType = sourcecode.swift; path = "UIColor+Pallette.swift"; sourceTree = "<group>"; };
		90D6146D1C5F07640000939F /* GifMaza-Bridging-Header.h */ = {isa = PBXFileReference; lastKnownFileType = sourcecode.c.h; path = "GifMaza-Bridging-Header.h"; sourceTree = "<group>"; };
		90D6146E1C5F07650000939F /* UIImage+animatedGIF.h */ = {isa = PBXFileReference; fileEncoding = 4; lastKnownFileType = sourcecode.c.h; path = "UIImage+animatedGIF.h"; sourceTree = "<group>"; };
		90D6146F1C5F07650000939F /* UIImage+animatedGIF.m */ = {isa = PBXFileReference; fileEncoding = 4; lastKnownFileType = sourcecode.c.objc; path = "UIImage+animatedGIF.m"; sourceTree = "<group>"; };
		A2BD2893879B2BD592419D56 /* Pods-GifMaza.debug.xcconfig */ = {isa = PBXFileReference; includeInIndex = 1; lastKnownFileType = text.xcconfig; name = "Pods-GifMaza.debug.xcconfig"; path = "Pods/Target Support Files/Pods-GifMaza/Pods-GifMaza.debug.xcconfig"; sourceTree = "<group>"; };
		E7DC50149EAA66A70AE6C2CE /* Pods_GifMaza.framework */ = {isa = PBXFileReference; explicitFileType = wrapper.framework; includeInIndex = 0; path = Pods_GifMaza.framework; sourceTree = BUILT_PRODUCTS_DIR; };
		EDA28BA7F44B672E7F6ADD1C /* Pods-GifMaza.release.xcconfig */ = {isa = PBXFileReference; includeInIndex = 1; lastKnownFileType = text.xcconfig; name = "Pods-GifMaza.release.xcconfig"; path = "Pods/Target Support Files/Pods-GifMaza/Pods-GifMaza.release.xcconfig"; sourceTree = "<group>"; };
/* End PBXFileReference section */

/* Begin PBXFrameworksBuildPhase section */
		90D614031C5EB3D70000939F /* Frameworks */ = {
			isa = PBXFrameworksBuildPhase;
			buildActionMask = 2147483647;
			files = (
				746A767DD1439C84031E5FBB /* Pods_GifMaza.framework in Frameworks */,
			);
			runOnlyForDeploymentPostprocessing = 0;
		};
		90D614171C5EB3D70000939F /* Frameworks */ = {
			isa = PBXFrameworksBuildPhase;
			buildActionMask = 2147483647;
			files = (
			);
			runOnlyForDeploymentPostprocessing = 0;
		};
		90D614221C5EB3D70000939F /* Frameworks */ = {
			isa = PBXFrameworksBuildPhase;
			buildActionMask = 2147483647;
			files = (
			);
			runOnlyForDeploymentPostprocessing = 0;
		};
/* End PBXFrameworksBuildPhase section */

/* Begin PBXGroup section */
		2DD6BD78FB4D8685897A69A3 /* Pods */ = {
			isa = PBXGroup;
			children = (
				A2BD2893879B2BD592419D56 /* Pods-GifMaza.debug.xcconfig */,
				EDA28BA7F44B672E7F6ADD1C /* Pods-GifMaza.release.xcconfig */,
			);
			name = Pods;
			sourceTree = "<group>";
		};
		90D613FD1C5EB3D70000939F = {
			isa = PBXGroup;
			children = (
				90D614081C5EB3D70000939F /* GifMaza */,
				90D6141D1C5EB3D70000939F /* GifMazaTests */,
				90D614281C5EB3D70000939F /* GifMazaUITests */,
				90D614071C5EB3D70000939F /* Products */,
				2DD6BD78FB4D8685897A69A3 /* Pods */,
				D1C521BE7FACF6A25C1C5AA7 /* Frameworks */,
			);
			sourceTree = "<group>";
		};
		90D614071C5EB3D70000939F /* Products */ = {
			isa = PBXGroup;
			children = (
				90D614061C5EB3D70000939F /* GifMaza.app */,
				90D6141A1C5EB3D70000939F /* GifMazaTests.xctest */,
				90D614251C5EB3D70000939F /* GifMazaUITests.xctest */,
			);
			name = Products;
			sourceTree = "<group>";
		};
		90D614081C5EB3D70000939F /* GifMaza */ = {
			isa = PBXGroup;
			children = (
				90D6145B1C5EC68E0000939F /* Supporting Files */,
				90D6145A1C5EC6640000939F /* Helpers */,
				90D614561C5EC5C40000939F /* Cells */,
				90D614571C5EC5CC0000939F /* Controllers */,
				90D614581C5EC5D60000939F /* Models */,
				90D614591C5EC5EA0000939F /* Views */,
			);
			path = GifMaza;
			sourceTree = "<group>";
		};
		90D6141D1C5EB3D70000939F /* GifMazaTests */ = {
			isa = PBXGroup;
			children = (
				90D6141E1C5EB3D70000939F /* GifMazaTests.swift */,
				90D614201C5EB3D70000939F /* Info.plist */,
			);
			path = GifMazaTests;
			sourceTree = "<group>";
		};
		90D614281C5EB3D70000939F /* GifMazaUITests */ = {
			isa = PBXGroup;
			children = (
				90D614291C5EB3D70000939F /* GifMazaUITests.swift */,
				90D6142B1C5EB3D70000939F /* Info.plist */,
			);
			path = GifMazaUITests;
			sourceTree = "<group>";
		};
		90D614561C5EC5C40000939F /* Cells */ = {
			isa = PBXGroup;
			children = (
			);
			name = Cells;
			sourceTree = "<group>";
		};
		90D614571C5EC5CC0000939F /* Controllers */ = {
			isa = PBXGroup;
			children = (
				90D614671C5EEB630000939F /* GifsCollectionViewController.swift */,
				90D6140B1C5EB3D70000939F /* ViewController.swift */,
			);
			name = Controllers;
			sourceTree = "<group>";
		};
		90D614581C5EC5D60000939F /* Models */ = {
			isa = PBXGroup;
			children = (
				90D6145D1C5EC6CD0000939F /* Gil.swift */,
			);
			name = Models;
			sourceTree = "<group>";
		};
		90D614591C5EC5EA0000939F /* Views */ = {
			isa = PBXGroup;
			children = (
				90D6140D1C5EB3D70000939F /* Main.storyboard */,
				90D614121C5EB3D70000939F /* LaunchScreen.storyboard */,
				90D614101C5EB3D70000939F /* Assets.xcassets */,
			);
			name = Views;
			sourceTree = "<group>";
		};
		90D6145A1C5EC6640000939F /* Helpers */ = {
			isa = PBXGroup;
			children = (
				90D614611C5ED2480000939F /* NetworkingHelper.swift */,
				90D614621C5ED2480000939F /* TranslatorHelper.swift */,
			);
			name = Helpers;
			sourceTree = "<group>";
		};
		90D6145B1C5EC68E0000939F /* Supporting Files */ = {
			isa = PBXGroup;
			children = (
				90D6146E1C5F07650000939F /* UIImage+animatedGIF.h */,
				90D6146F1C5F07650000939F /* UIImage+animatedGIF.m */,
				90D6146B1C5EEB890000939F /* UIColor+Pallette.swift */,
				90D614691C5EEB810000939F /* Layout.swift */,
				90D614091C5EB3D70000939F /* AppDelegate.swift */,
				90D614151C5EB3D70000939F /* Info.plist */,
				90D6146D1C5F07640000939F /* GifMaza-Bridging-Header.h */,
			);
			name = "Supporting Files";
			sourceTree = "<group>";
		};
		D1C521BE7FACF6A25C1C5AA7 /* Frameworks */ = {
			isa = PBXGroup;
			children = (
				E7DC50149EAA66A70AE6C2CE /* Pods_GifMaza.framework */,
			);
			name = Frameworks;
			sourceTree = "<group>";
		};
/* End PBXGroup section */

/* Begin PBXNativeTarget section */
		90D614051C5EB3D70000939F /* GifMaza */ = {
			isa = PBXNativeTarget;
			buildConfigurationList = 90D6142E1C5EB3D70000939F /* Build configuration list for PBXNativeTarget "GifMaza" */;
			buildPhases = (
				FF6AEBFAB64104B88437D9D2 /* Check Pods Manifest.lock */,
				90D614021C5EB3D70000939F /* Sources */,
				90D614031C5EB3D70000939F /* Frameworks */,
				90D614041C5EB3D70000939F /* Resources */,
				B6263E7ECC72EC9A1C5D55B9 /* Embed Pods Frameworks */,
				66590443C34D6A207E8A132A /* Copy Pods Resources */,
			);
			buildRules = (
			);
			dependencies = (
			);
			name = GifMaza;
			productName = GifMaza;
			productReference = 90D614061C5EB3D70000939F /* GifMaza.app */;
			productType = "com.apple.product-type.application";
		};
		90D614191C5EB3D70000939F /* GifMazaTests */ = {
			isa = PBXNativeTarget;
			buildConfigurationList = 90D614311C5EB3D70000939F /* Build configuration list for PBXNativeTarget "GifMazaTests" */;
			buildPhases = (
				90D614161C5EB3D70000939F /* Sources */,
				90D614171C5EB3D70000939F /* Frameworks */,
				90D614181C5EB3D70000939F /* Resources */,
			);
			buildRules = (
			);
			dependencies = (
				90D6141C1C5EB3D70000939F /* PBXTargetDependency */,
			);
			name = GifMazaTests;
			productName = GifMazaTests;
			productReference = 90D6141A1C5EB3D70000939F /* GifMazaTests.xctest */;
			productType = "com.apple.product-type.bundle.unit-test";
		};
		90D614241C5EB3D70000939F /* GifMazaUITests */ = {
			isa = PBXNativeTarget;
			buildConfigurationList = 90D614341C5EB3D70000939F /* Build configuration list for PBXNativeTarget "GifMazaUITests" */;
			buildPhases = (
				90D614211C5EB3D70000939F /* Sources */,
				90D614221C5EB3D70000939F /* Frameworks */,
				90D614231C5EB3D70000939F /* Resources */,
			);
			buildRules = (
			);
			dependencies = (
				90D614271C5EB3D70000939F /* PBXTargetDependency */,
			);
			name = GifMazaUITests;
			productName = GifMazaUITests;
			productReference = 90D614251C5EB3D70000939F /* GifMazaUITests.xctest */;
			productType = "com.apple.product-type.bundle.ui-testing";
		};
/* End PBXNativeTarget section */

/* Begin PBXProject section */
		90D613FE1C5EB3D70000939F /* Project object */ = {
			isa = PBXProject;
			attributes = {
				LastSwiftUpdateCheck = 0720;
				LastUpgradeCheck = 0720;
				ORGANIZATIONNAME = Kanchy;
				TargetAttributes = {
					90D614051C5EB3D70000939F = {
						CreatedOnToolsVersion = 7.2;
					};
					90D614191C5EB3D70000939F = {
						CreatedOnToolsVersion = 7.2;
						TestTargetID = 90D614051C5EB3D70000939F;
					};
					90D614241C5EB3D70000939F = {
						CreatedOnToolsVersion = 7.2;
						TestTargetID = 90D614051C5EB3D70000939F;
					};
				};
			};
			buildConfigurationList = 90D614011C5EB3D70000939F /* Build configuration list for PBXProject "GifMaza" */;
			compatibilityVersion = "Xcode 3.2";
			developmentRegion = English;
			hasScannedForEncodings = 0;
			knownRegions = (
				en,
				Base,
			);
			mainGroup = 90D613FD1C5EB3D70000939F;
			productRefGroup = 90D614071C5EB3D70000939F /* Products */;
			projectDirPath = "";
			projectRoot = "";
			targets = (
				90D614051C5EB3D70000939F /* GifMaza */,
				90D614191C5EB3D70000939F /* GifMazaTests */,
				90D614241C5EB3D70000939F /* GifMazaUITests */,
			);
		};
/* End PBXProject section */

/* Begin PBXResourcesBuildPhase section */
		90D614041C5EB3D70000939F /* Resources */ = {
			isa = PBXResourcesBuildPhase;
			buildActionMask = 2147483647;
			files = (
				90D614141C5EB3D70000939F /* LaunchScreen.storyboard in Resources */,
				90D614111C5EB3D70000939F /* Assets.xcassets in Resources */,
				90D6140F1C5EB3D70000939F /* Main.storyboard in Resources */,
			);
			runOnlyForDeploymentPostprocessing = 0;
		};
		90D614181C5EB3D70000939F /* Resources */ = {
			isa = PBXResourcesBuildPhase;
			buildActionMask = 2147483647;
			files = (
			);
			runOnlyForDeploymentPostprocessing = 0;
		};
		90D614231C5EB3D70000939F /* Resources */ = {
			isa = PBXResourcesBuildPhase;
			buildActionMask = 2147483647;
			files = (
			);
			runOnlyForDeploymentPostprocessing = 0;
		};
/* End PBXResourcesBuildPhase section */

/* Begin PBXShellScriptBuildPhase section */
		66590443C34D6A207E8A132A /* Copy Pods Resources */ = {
			isa = PBXShellScriptBuildPhase;
			buildActionMask = 2147483647;
			files = (
			);
			inputPaths = (
			);
			name = "Copy Pods Resources";
			outputPaths = (
			);
			runOnlyForDeploymentPostprocessing = 0;
			shellPath = /bin/sh;
			shellScript = "\"${SRCROOT}/Pods/Target Support Files/Pods-GifMaza/Pods-GifMaza-resources.sh\"\n";
			showEnvVarsInLog = 0;
		};
		B6263E7ECC72EC9A1C5D55B9 /* Embed Pods Frameworks */ = {
			isa = PBXShellScriptBuildPhase;
			buildActionMask = 2147483647;
			files = (
			);
			inputPaths = (
			);
			name = "Embed Pods Frameworks";
			outputPaths = (
			);
			runOnlyForDeploymentPostprocessing = 0;
			shellPath = /bin/sh;
			shellScript = "\"${SRCROOT}/Pods/Target Support Files/Pods-GifMaza/Pods-GifMaza-frameworks.sh\"\n";
			showEnvVarsInLog = 0;
		};
		FF6AEBFAB64104B88437D9D2 /* Check Pods Manifest.lock */ = {
			isa = PBXShellScriptBuildPhase;
			buildActionMask = 2147483647;
			files = (
			);
			inputPaths = (
			);
			name = "Check Pods Manifest.lock";
			outputPaths = (
			);
			runOnlyForDeploymentPostprocessing = 0;
			shellPath = /bin/sh;
			shellScript = "diff \"${PODS_ROOT}/../Podfile.lock\" \"${PODS_ROOT}/Manifest.lock\" > /dev/null\nif [[ $? != 0 ]] ; then\n    cat << EOM\nerror: The sandbox is not in sync with the Podfile.lock. Run 'pod install' or update your CocoaPods installation.\nEOM\n    exit 1\nfi\n";
			showEnvVarsInLog = 0;
		};
/* End PBXShellScriptBuildPhase section */

/* Begin PBXSourcesBuildPhase section */
		90D614021C5EB3D70000939F /* Sources */ = {
			isa = PBXSourcesBuildPhase;
			buildActionMask = 2147483647;
			files = (
				90D614641C5ED2480000939F /* NetworkingHelper.swift in Sources */,
				90D6140C1C5EB3D70000939F /* ViewController.swift in Sources */,
				90D6140A1C5EB3D70000939F /* AppDelegate.swift in Sources */,
				90D6145E1C5EC6CD0000939F /* Gil.swift in Sources */,
				90D614701C5F07650000939F /* UIImage+animatedGIF.m in Sources */,
				90D6146C1C5EEB890000939F /* UIColor+Pallette.swift in Sources */,
				90D6146A1C5EEB810000939F /* Layout.swift in Sources */,
				90D614651C5ED2480000939F /* TranslatorHelper.swift in Sources */,
				90D614681C5EEB630000939F /* GifsCollectionViewController.swift in Sources */,
			);
			runOnlyForDeploymentPostprocessing = 0;
		};
		90D614161C5EB3D70000939F /* Sources */ = {
			isa = PBXSourcesBuildPhase;
			buildActionMask = 2147483647;
			files = (
				90D6141F1C5EB3D70000939F /* GifMazaTests.swift in Sources */,
			);
			runOnlyForDeploymentPostprocessing = 0;
		};
		90D614211C5EB3D70000939F /* Sources */ = {
			isa = PBXSourcesBuildPhase;
			buildActionMask = 2147483647;
			files = (
				90D6142A1C5EB3D70000939F /* GifMazaUITests.swift in Sources */,
			);
			runOnlyForDeploymentPostprocessing = 0;
		};
/* End PBXSourcesBuildPhase section */

/* Begin PBXTargetDependency section */
		90D6141C1C5EB3D70000939F /* PBXTargetDependency */ = {
			isa = PBXTargetDependency;
			target = 90D614051C5EB3D70000939F /* GifMaza */;
			targetProxy = 90D6141B1C5EB3D70000939F /* PBXContainerItemProxy */;
		};
		90D614271C5EB3D70000939F /* PBXTargetDependency */ = {
			isa = PBXTargetDependency;
			target = 90D614051C5EB3D70000939F /* GifMaza */;
			targetProxy = 90D614261C5EB3D70000939F /* PBXContainerItemProxy */;
		};
/* End PBXTargetDependency section */

/* Begin PBXVariantGroup section */
		90D6140D1C5EB3D70000939F /* Main.storyboard */ = {
			isa = PBXVariantGroup;
			children = (
				90D6140E1C5EB3D70000939F /* Base */,
			);
			name = Main.storyboard;
			sourceTree = "<group>";
		};
		90D614121C5EB3D70000939F /* LaunchScreen.storyboard */ = {
			isa = PBXVariantGroup;
			children = (
				90D614131C5EB3D70000939F /* Base */,
			);
			name = LaunchScreen.storyboard;
			sourceTree = "<group>";
		};
/* End PBXVariantGroup section */

/* Begin XCBuildConfiguration section */
		90D6142C1C5EB3D70000939F /* Debug */ = {
			isa = XCBuildConfiguration;
			buildSettings = {
				ALWAYS_SEARCH_USER_PATHS = NO;
				CLANG_CXX_LANGUAGE_STANDARD = "gnu++0x";
				CLANG_CXX_LIBRARY = "libc++";
				CLANG_ENABLE_MODULES = YES;
				CLANG_ENABLE_OBJC_ARC = YES;
				CLANG_WARN_BOOL_CONVERSION = YES;
				CLANG_WARN_CONSTANT_CONVERSION = YES;
				CLANG_WARN_DIRECT_OBJC_ISA_USAGE = YES_ERROR;
				CLANG_WARN_EMPTY_BODY = YES;
				CLANG_WARN_ENUM_CONVERSION = YES;
				CLANG_WARN_INT_CONVERSION = YES;
				CLANG_WARN_OBJC_ROOT_CLASS = YES_ERROR;
				CLANG_WARN_UNREACHABLE_CODE = YES;
				CLANG_WARN__DUPLICATE_METHOD_MATCH = YES;
				"CODE_SIGN_IDENTITY[sdk=iphoneos*]" = "iPhone Developer";
				COPY_PHASE_STRIP = NO;
				DEBUG_INFORMATION_FORMAT = dwarf;
				ENABLE_STRICT_OBJC_MSGSEND = YES;
				ENABLE_TESTABILITY = YES;
				GCC_C_LANGUAGE_STANDARD = gnu99;
				GCC_DYNAMIC_NO_PIC = NO;
				GCC_NO_COMMON_BLOCKS = YES;
				GCC_OPTIMIZATION_LEVEL = 0;
				GCC_PREPROCESSOR_DEFINITIONS = (
					"DEBUG=1",
					"$(inherited)",
				);
				GCC_WARN_64_TO_32_BIT_CONVERSION = YES;
				GCC_WARN_ABOUT_RETURN_TYPE = YES_ERROR;
				GCC_WARN_UNDECLARED_SELECTOR = YES;
				GCC_WARN_UNINITIALIZED_AUTOS = YES_AGGRESSIVE;
				GCC_WARN_UNUSED_FUNCTION = YES;
				GCC_WARN_UNUSED_VARIABLE = YES;
				IPHONEOS_DEPLOYMENT_TARGET = 9.2;
				MTL_ENABLE_DEBUG_INFO = YES;
				ONLY_ACTIVE_ARCH = YES;
				SDKROOT = iphoneos;
				SWIFT_OPTIMIZATION_LEVEL = "-Onone";
			};
			name = Debug;
		};
		90D6142D1C5EB3D70000939F /* Release */ = {
			isa = XCBuildConfiguration;
			buildSettings = {
				ALWAYS_SEARCH_USER_PATHS = NO;
				CLANG_CXX_LANGUAGE_STANDARD = "gnu++0x";
				CLANG_CXX_LIBRARY = "libc++";
				CLANG_ENABLE_MODULES = YES;
				CLANG_ENABLE_OBJC_ARC = YES;
				CLANG_WARN_BOOL_CONVERSION = YES;
				CLANG_WARN_CONSTANT_CONVERSION = YES;
				CLANG_WARN_DIRECT_OBJC_ISA_USAGE = YES_ERROR;
				CLANG_WARN_EMPTY_BODY = YES;
				CLANG_WARN_ENUM_CONVERSION = YES;
				CLANG_WARN_INT_CONVERSION = YES;
				CLANG_WARN_OBJC_ROOT_CLASS = YES_ERROR;
				CLANG_WARN_UNREACHABLE_CODE = YES;
				CLANG_WARN__DUPLICATE_METHOD_MATCH = YES;
				"CODE_SIGN_IDENTITY[sdk=iphoneos*]" = "iPhone Developer";
				COPY_PHASE_STRIP = NO;
				DEBUG_INFORMATION_FORMAT = "dwarf-with-dsym";
				ENABLE_NS_ASSERTIONS = NO;
				ENABLE_STRICT_OBJC_MSGSEND = YES;
				GCC_C_LANGUAGE_STANDARD = gnu99;
				GCC_NO_COMMON_BLOCKS = YES;
				GCC_WARN_64_TO_32_BIT_CONVERSION = YES;
				GCC_WARN_ABOUT_RETURN_TYPE = YES_ERROR;
				GCC_WARN_UNDECLARED_SELECTOR = YES;
				GCC_WARN_UNINITIALIZED_AUTOS = YES_AGGRESSIVE;
				GCC_WARN_UNUSED_FUNCTION = YES;
				GCC_WARN_UNUSED_VARIABLE = YES;
				IPHONEOS_DEPLOYMENT_TARGET = 9.2;
				MTL_ENABLE_DEBUG_INFO = NO;
				SDKROOT = iphoneos;
				VALIDATE_PRODUCT = YES;
			};
			name = Release;
		};
		90D6142F1C5EB3D70000939F /* Debug */ = {
			isa = XCBuildConfiguration;
			baseConfigurationReference = A2BD2893879B2BD592419D56 /* Pods-GifMaza.debug.xcconfig */;
			buildSettings = {
				ASSETCATALOG_COMPILER_APPICON_NAME = AppIcon;
				CLANG_ENABLE_MODULES = YES;
				INFOPLIST_FILE = GifMaza/Info.plist;
				LD_RUNPATH_SEARCH_PATHS = "$(inherited) @executable_path/Frameworks";
				PRODUCT_BUNDLE_IDENTIFIER = com.Kanchy.GifMaza;
				PRODUCT_NAME = "$(TARGET_NAME)";
				SWIFT_OBJC_BRIDGING_HEADER = "GifMaza/GifMaza-Bridging-Header.h";
				SWIFT_OPTIMIZATION_LEVEL = "-Onone";
			};
			name = Debug;
		};
		90D614301C5EB3D70000939F /* Release */ = {
			isa = XCBuildConfiguration;
			baseConfigurationReference = EDA28BA7F44B672E7F6ADD1C /* Pods-GifMaza.release.xcconfig */;
			buildSettings = {
				ASSETCATALOG_COMPILER_APPICON_NAME = AppIcon;
				CLANG_ENABLE_MODULES = YES;
				INFOPLIST_FILE = GifMaza/Info.plist;
				LD_RUNPATH_SEARCH_PATHS = "$(inherited) @executable_path/Frameworks";
				PRODUCT_BUNDLE_IDENTIFIER = com.Kanchy.GifMaza;
				PRODUCT_NAME = "$(TARGET_NAME)";
				SWIFT_OBJC_BRIDGING_HEADER = "GifMaza/GifMaza-Bridging-Header.h";
			};
			name = Release;
		};
		90D614321C5EB3D70000939F /* Debug */ = {
			isa = XCBuildConfiguration;
			buildSettings = {
				BUNDLE_LOADER = "$(TEST_HOST)";
				INFOPLIST_FILE = GifMazaTests/Info.plist;
				LD_RUNPATH_SEARCH_PATHS = "$(inherited) @executable_path/Frameworks @loader_path/Frameworks";
				PRODUCT_BUNDLE_IDENTIFIER = com.Kanchy.GifMazaTests;
				PRODUCT_NAME = "$(TARGET_NAME)";
				TEST_HOST = "$(BUILT_PRODUCTS_DIR)/GifMaza.app/GifMaza";
			};
			name = Debug;
		};
		90D614331C5EB3D70000939F /* Release */ = {
			isa = XCBuildConfiguration;
			buildSettings = {
				BUNDLE_LOADER = "$(TEST_HOST)";
				INFOPLIST_FILE = GifMazaTests/Info.plist;
				LD_RUNPATH_SEARCH_PATHS = "$(inherited) @executable_path/Frameworks @loader_path/Frameworks";
				PRODUCT_BUNDLE_IDENTIFIER = com.Kanchy.GifMazaTests;
				PRODUCT_NAME = "$(TARGET_NAME)";
				TEST_HOST = "$(BUILT_PRODUCTS_DIR)/GifMaza.app/GifMaza";
			};
			name = Release;
		};
		90D614351C5EB3D70000939F /* Debug */ = {
			isa = XCBuildConfiguration;
			buildSettings = {
				INFOPLIST_FILE = GifMazaUITests/Info.plist;
				LD_RUNPATH_SEARCH_PATHS = "$(inherited) @executable_path/Frameworks @loader_path/Frameworks";
				PRODUCT_BUNDLE_IDENTIFIER = com.Kanchy.GifMazaUITests;
				PRODUCT_NAME = "$(TARGET_NAME)";
				TEST_TARGET_NAME = GifMaza;
				USES_XCTRUNNER = YES;
			};
			name = Debug;
		};
		90D614361C5EB3D70000939F /* Release */ = {
			isa = XCBuildConfiguration;
			buildSettings = {
				INFOPLIST_FILE = GifMazaUITests/Info.plist;
				LD_RUNPATH_SEARCH_PATHS = "$(inherited) @executable_path/Frameworks @loader_path/Frameworks";
				PRODUCT_BUNDLE_IDENTIFIER = com.Kanchy.GifMazaUITests;
				PRODUCT_NAME = "$(TARGET_NAME)";
				TEST_TARGET_NAME = GifMaza;
				USES_XCTRUNNER = YES;
			};
			name = Release;
		};
/* End XCBuildConfiguration section */

/* Begin XCConfigurationList section */
		90D614011C5EB3D70000939F /* Build configuration list for PBXProject "GifMaza" */ = {
			isa = XCConfigurationList;
			buildConfigurations = (
				90D6142C1C5EB3D70000939F /* Debug */,
				90D6142D1C5EB3D70000939F /* Release */,
			);
			defaultConfigurationIsVisible = 0;
			defaultConfigurationName = Release;
		};
		90D6142E1C5EB3D70000939F /* Build configuration list for PBXNativeTarget "GifMaza" */ = {
			isa = XCConfigurationList;
			buildConfigurations = (
				90D6142F1C5EB3D70000939F /* Debug */,
				90D614301C5EB3D70000939F /* Release */,
			);
			defaultConfigurationIsVisible = 0;
			defaultConfigurationName = Release;
		};
		90D614311C5EB3D70000939F /* Build configuration list for PBXNativeTarget "GifMazaTests" */ = {
			isa = XCConfigurationList;
			buildConfigurations = (
				90D614321C5EB3D70000939F /* Debug */,
				90D614331C5EB3D70000939F /* Release */,
			);
			defaultConfigurationIsVisible = 0;
			defaultConfigurationName = Release;
		};
		90D614341C5EB3D70000939F /* Build configuration list for PBXNativeTarget "GifMazaUITests" */ = {
			isa = XCConfigurationList;
			buildConfigurations = (
				90D614351C5EB3D70000939F /* Debug */,
				90D614361C5EB3D70000939F /* Release */,
			);
			defaultConfigurationIsVisible = 0;
			defaultConfigurationName = Release;
		};
/* End XCConfigurationList section */
	};
	rootObject = 90D613FE1C5EB3D70000939F /* Project object */;
}
